<?xml version="1.0" encoding="utf-8"?>
<Project ToolsVersion="17.0" xmlns="http://schemas.microsoft.com/developer/msbuild/2003">
  <ItemGroup>
    <ClCompile Include="C:\coding\ci_simulator\src\main.cpp">
      <Filter>Source Files</Filter>
    </ClCompile>
    <ClCompile Include="C:\coding\ci_simulator\src\ci_processor.cpp">
      <Filter>Source Files</Filter>
    </ClCompile>
    <ClCompile Include="C:\coding\ci_simulator\src\audio_io.cpp">
      <Filter>Source Files</Filter>
    </ClCompile>
  </ItemGroup>
  <ItemGroup>
    <ClInclude Include="C:\coding\ci_simulator\src\biquad.h">
      <Filter>Header Files</Filter>
    </ClInclude>
    <ClInclude Include="C:\coding\ci_simulator\src\filters.h">
      <Filter>Header Files</Filter>
    </ClInclude>
    <ClInclude Include="C:\coding\ci_simulator\src\ci_processor.h">
      <Filter>Header Files</Filter>
    </ClInclude>
    <ClInclude Include="C:\coding\ci_simulator\src\audio_io.h">
      <Filter>Header Files</Filter>
    </ClInclude>
  </ItemGroup>
  <ItemGroup>
    <CustomBuild Include="C:\coding\ci_simulator\CMakeLists.txt" />
  </ItemGroup>
  <ItemGroup>
    <Filter Include="Header Files">
      <UniqueIdentifier>{DF67B3AD-4C41-3C2A-A4A9-8C26A3CE7387}</UniqueIdentifier>
    </Filter>
    <Filter Include="Source Files">
      <UniqueIdentifier>{A190E949-C401-3960-8C64-ADC257455658}</UniqueIdentifier>
    </Filter>
  </ItemGroup>
</Project>
