
Microsoft Visual Studio Solution File, Format Version 12.00
# Visual Studio Version 17
Project("{8BC9CEB8-8B4A-11D0-8D11-00A0C91BC942}") = "ALL_BUILD", "ALL_BUILD.vcxproj", "{A3BD0456-B605-3602-873A-BDC37809D25C}"
	ProjectSection(ProjectDependencies) = postProject
		{44D12151-D1ED-357E-8CDD-9253BBFDD785} = {44D12151-D1ED-357E-8CDD-9253BBFDD785}
		{793CBA3C-11C7-3635-A671-AB1732A1CAF0} = {793CBA3C-11C7-3635-A671-AB1732A1CAF0}
	EndProjectSection
EndProject
Project("{8BC9CEB8-8B4A-11D0-8D11-00A0C91BC942}") = "ZERO_CHECK", "ZERO_CHECK.vcxproj", "{44D12151-D1ED-357E-8CDD-9253BBFDD785}"
	ProjectSection(ProjectDependencies) = postProject
	EndProjectSection
EndProject
Project("{8BC9CEB8-8B4A-11D0-8D11-00A0C91BC942}") = "ci_rt_sim", "ci_rt_sim.vcxproj", "{793CBA3C-11C7-3635-A671-AB1732A1CAF0}"
	ProjectSection(ProjectDependencies) = postProject
		{44D12151-D1ED-357E-8CDD-9253BBFDD785} = {44D12151-D1ED-357E-8CDD-9253BBFDD785}
	EndProjectSection
EndProject
Global
	GlobalSection(SolutionConfigurationPlatforms) = preSolution
		Debug|x64 = Debug|x64
		Release|x64 = Release|x64
		MinSizeRel|x64 = MinSizeRel|x64
		RelWithDebInfo|x64 = RelWithDebInfo|x64
	EndGlobalSection
	GlobalSection(ProjectConfigurationPlatforms) = postSolution
		{A3BD0456-B605-3602-873A-BDC37809D25C}.Debug|x64.ActiveCfg = Debug|x64
		{A3BD0456-B605-3602-873A-BDC37809D25C}.Release|x64.ActiveCfg = Release|x64
		{A3BD0456-B605-3602-873A-BDC37809D25C}.MinSizeRel|x64.ActiveCfg = MinSizeRel|x64
		{A3BD0456-B605-3602-873A-BDC37809D25C}.RelWithDebInfo|x64.ActiveCfg = RelWithDebInfo|x64
		{44D12151-D1ED-357E-8CDD-9253BBFDD785}.Debug|x64.ActiveCfg = Debug|x64
		{44D12151-D1ED-357E-8CDD-9253BBFDD785}.Debug|x64.Build.0 = Debug|x64
		{44D12151-D1ED-357E-8CDD-9253BBFDD785}.Release|x64.ActiveCfg = Release|x64
		{44D12151-D1ED-357E-8CDD-9253BBFDD785}.Release|x64.Build.0 = Release|x64
		{44D12151-D1ED-357E-8CDD-9253BBFDD785}.MinSizeRel|x64.ActiveCfg = MinSizeRel|x64
		{44D12151-D1ED-357E-8CDD-9253BBFDD785}.MinSizeRel|x64.Build.0 = MinSizeRel|x64
		{44D12151-D1ED-357E-8CDD-9253BBFDD785}.RelWithDebInfo|x64.ActiveCfg = RelWithDebInfo|x64
		{44D12151-D1ED-357E-8CDD-9253BBFDD785}.RelWithDebInfo|x64.Build.0 = RelWithDebInfo|x64
		{793CBA3C-11C7-3635-A671-AB1732A1CAF0}.Debug|x64.ActiveCfg = Debug|x64
		{793CBA3C-11C7-3635-A671-AB1732A1CAF0}.Debug|x64.Build.0 = Debug|x64
		{793CBA3C-11C7-3635-A671-AB1732A1CAF0}.Release|x64.ActiveCfg = Release|x64
		{793CBA3C-11C7-3635-A671-AB1732A1CAF0}.Release|x64.Build.0 = Release|x64
		{793CBA3C-11C7-3635-A671-AB1732A1CAF0}.MinSizeRel|x64.ActiveCfg = MinSizeRel|x64
		{793CBA3C-11C7-3635-A671-AB1732A1CAF0}.MinSizeRel|x64.Build.0 = MinSizeRel|x64
		{793CBA3C-11C7-3635-A671-AB1732A1CAF0}.RelWithDebInfo|x64.ActiveCfg = RelWithDebInfo|x64
		{793CBA3C-11C7-3635-A671-AB1732A1CAF0}.RelWithDebInfo|x64.Build.0 = RelWithDebInfo|x64
	EndGlobalSection
	GlobalSection(ExtensibilityGlobals) = postSolution
		SolutionGuid = {2D772162-8CEC-37B2-8B8C-B3EA1C64476F}
	EndGlobalSection
	GlobalSection(ExtensibilityAddIns) = postSolution
	EndGlobalSection
EndGlobal
